
Microsoft Visual Studio Solution File, Format Version 12.00
# Visual Studio Version 16
VisualStudioVersion = 16.0.30611.23
MinimumVisualStudioVersion = 10.0.40219.1
Project("{FAE04EC0-301F-11D3-BF4B-00C04F79EFBC}") = "Myproject2", "Myproject2\Myproject2.csproj", "{5122214A-4B56-427F-A7EE-5312450402F6}"
EndProject
Global
	GlobalSection(SolutionConfigurationPlatforms) = preSolution
		Debug|Any CPU = Debug|Any CPU
		Release|Any CPU = Release|Any CPU
	EndGlobalSection
	GlobalSection(ProjectConfigurationPlatforms) = postSolution
		{5122214A-4B56-427F-A7EE-5312450402F6}.Debug|Any CPU.ActiveCfg = Debug|Any CPU
		{5122214A-4B56-427F-A7EE-5312450402F6}.Debug|Any CPU.Build.0 = Debug|Any CPU
		{5122214A-4B56-427F-A7EE-5312450402F6}.Release|Any CPU.ActiveCfg = Release|Any CPU
		{5122214A-4B56-427F-A7EE-5312450402F6}.Release|Any CPU.Build.0 = Release|Any CPU
	EndGlobalSection
	GlobalSection(SolutionProperties) = preSolution
		HideSolutionNode = FALSE
	EndGlobalSection
	GlobalSection(ExtensibilityGlobals) = postSolution
		SolutionGuid = {C60A5B04-9C8F-4CFB-A088-B29158B1777A}
	EndGlobalSection
EndGlobal
